
Microsoft Visual Studio Solution File, Format Version 12.00
Project("{FAE04EC0-301F-11D3-BF4B-00C04F79EFBC}") = "OOPA2", "OOPA2\OOPA2.csproj", "{A366E184-5C23-41CF-97C1-8768DF0BEBA0}"
EndProject
Global
	GlobalSection(SolutionConfigurationPlatforms) = preSolution
		Debug|Any CPU = Debug|Any CPU
		Release|Any CPU = Release|Any CPU
	EndGlobalSection
	GlobalSection(ProjectConfigurationPlatforms) = postSolution
		{A366E184-5C23-41CF-97C1-8768DF0BEBA0}.Debug|Any CPU.ActiveCfg = Debug|Any CPU
		{A366E184-5C23-41CF-97C1-8768DF0BEBA0}.Debug|Any CPU.Build.0 = Debug|Any CPU
		{A366E184-5C23-41CF-97C1-8768DF0BEBA0}.Release|Any CPU.ActiveCfg = Release|Any CPU
		{A366E184-5C23-41CF-97C1-8768DF0BEBA0}.Release|Any CPU.Build.0 = Release|Any CPU
	EndGlobalSection
EndGlobal
